
Microsoft Visual Studio Solution File, Format Version 12.00
# Visual Studio 15
VisualStudioVersion = 15.0.26430.14
MinimumVisualStudioVersion = 10.0.40219.1
Project("{9A19103F-16F7-4668-BE54-9A1E7A4F7556}") = "WebServer.Core", "WebServer.Core\WebServer.Core.csproj", "{7204BA54-B35C-450D-AB9A-82D7980B5D71}"
EndProject
Project("{9A19103F-16F7-4668-BE54-9A1E7A4F7556}") = "WebServer.Tests", "WebServer.Tests\WebServer.Tests.csproj", "{5B000809-F4C4-49FE-B774-69590AF0E770}"
EndProject
Project("{9A19103F-16F7-4668-BE54-9A1E7A4F7556}") = "WebServer", "WebServer\WebServer.csproj", "{AAF5AB90-8C31-4766-9D6C-BB78B4454B6B}"
EndProject
Global
	GlobalSection(SolutionConfigurationPlatforms) = preSolution
		Debug|Any CPU = Debug|Any CPU
		Release|Any CPU = Release|Any CPU
	EndGlobalSection
	GlobalSection(ProjectConfigurationPlatforms) = postSolution
		{7204BA54-B35C-450D-AB9A-82D7980B5D71}.Debug|Any CPU.ActiveCfg = Debug|Any CPU
		{7204BA54-B35C-450D-AB9A-82D7980B5D71}.Debug|Any CPU.Build.0 = Debug|Any CPU
		{7204BA54-B35C-450D-AB9A-82D7980B5D71}.Release|Any CPU.ActiveCfg = Release|Any CPU
		{7204BA54-B35C-450D-AB9A-82D7980B5D71}.Release|Any CPU.Build.0 = Release|Any CPU
		{5B000809-F4C4-49FE-B774-69590AF0E770}.Debug|Any CPU.ActiveCfg = Debug|Any CPU
		{5B000809-F4C4-49FE-B774-69590AF0E770}.Debug|Any CPU.Build.0 = Debug|Any CPU
		{5B000809-F4C4-49FE-B774-69590AF0E770}.Release|Any CPU.ActiveCfg = Release|Any CPU
		{5B000809-F4C4-49FE-B774-69590AF0E770}.Release|Any CPU.Build.0 = Release|Any CPU
		{AAF5AB90-8C31-4766-9D6C-BB78B4454B6B}.Debug|Any CPU.ActiveCfg = Debug|Any CPU
		{AAF5AB90-8C31-4766-9D6C-BB78B4454B6B}.Debug|Any CPU.Build.0 = Debug|Any CPU
		{AAF5AB90-8C31-4766-9D6C-BB78B4454B6B}.Release|Any CPU.ActiveCfg = Release|Any CPU
		{AAF5AB90-8C31-4766-9D6C-BB78B4454B6B}.Release|Any CPU.Build.0 = Release|Any CPU
	EndGlobalSection
	GlobalSection(SolutionProperties) = preSolution
		HideSolutionNode = FALSE
	EndGlobalSection
EndGlobal
